// !$*UTF8*$!
{
	archiveVersion = 1;
	classes = {
	};
	objectVersion = 56;
	objects = {

/* Begin PBXBuildFile section */
		0A53F0A52A7EF46500C54308 /* Resources.swift in Sources */ = {isa = PBXBuildFile; fileRef = 0A53F0A42A7EF46500C54308 /* Resources.swift */; };
		0A53F0A72A7F9AAD00C54308 /* UIGrid.swift in Sources */ = {isa = PBXBuildFile; fileRef = 0A53F0A62A7F9AAD00C54308 /* UIGrid.swift */; };
		0A53F0A92A80177600C54308 /* UIControl.swift in Sources */ = {isa = PBXBuildFile; fileRef = 0A53F0A82A80177600C54308 /* UIControl.swift */; };
		0A53F0AD2A80191600C54308 /* UIControlButton.swift in Sources */ = {isa = PBXBuildFile; fileRef = 0A53F0AC2A80191600C54308 /* UIControlButton.swift */; };
		0ACD5DAD2A79088300F50D25 /* AppDelegate.swift in Sources */ = {isa = PBXBuildFile; fileRef = 0ACD5DAC2A79088300F50D25 /* AppDelegate.swift */; };
		0ACD5DAF2A79088300F50D25 /* SceneDelegate.swift in Sources */ = {isa = PBXBuildFile; fileRef = 0ACD5DAE2A79088300F50D25 /* SceneDelegate.swift */; };
		0ACD5DB12A79088300F50D25 /* GameViewController.swift in Sources */ = {isa = PBXBuildFile; fileRef = 0ACD5DB02A79088300F50D25 /* GameViewController.swift */; };
		0ACD5DB62A79088300F50D25 /* Assets.xcassets in Resources */ = {isa = PBXBuildFile; fileRef = 0ACD5DB52A79088300F50D25 /* Assets.xcassets */; };
		0ACD5DB92A79088300F50D25 /* LaunchScreen.storyboard in Resources */ = {isa = PBXBuildFile; fileRef = 0ACD5DB72A79088300F50D25 /* LaunchScreen.storyboard */; };
		0ACD5DE42A7EC70200F50D25 /* Game.swift in Sources */ = {isa = PBXBuildFile; fileRef = 0ACD5DE32A7EC70200F50D25 /* Game.swift */; };
		0ACD5DE72A7EC9E800F50D25 /* SudokuCell.swift in Sources */ = {isa = PBXBuildFile; fileRef = 0ACD5DE62A7EC9E800F50D25 /* SudokuCell.swift */; };
		0ACD5DE92A7ED26E00F50D25 /* SudokuField.swift in Sources */ = {isa = PBXBuildFile; fileRef = 0ACD5DE82A7ED26E00F50D25 /* SudokuField.swift */; };
		0ACD5DEB2A7ED2D600F50D25 /* SudokuBlock.swift in Sources */ = {isa = PBXBuildFile; fileRef = 0ACD5DEA2A7ED2D600F50D25 /* SudokuBlock.swift */; };
/* End PBXBuildFile section */

/* Begin PBXFileReference section */
		0A53F0A42A7EF46500C54308 /* Resources.swift */ = {isa = PBXFileReference; lastKnownFileType = sourcecode.swift; path = Resources.swift; sourceTree = "<group>"; };
		0A53F0A62A7F9AAD00C54308 /* UIGrid.swift */ = {isa = PBXFileReference; lastKnownFileType = sourcecode.swift; path = UIGrid.swift; sourceTree = "<group>"; };
		0A53F0A82A80177600C54308 /* UIControl.swift */ = {isa = PBXFileReference; lastKnownFileType = sourcecode.swift; path = UIControl.swift; sourceTree = "<group>"; };
		0A53F0AC2A80191600C54308 /* UIControlButton.swift */ = {isa = PBXFileReference; lastKnownFileType = sourcecode.swift; path = UIControlButton.swift; sourceTree = "<group>"; };
		0ACD5DA92A79088300F50D25 /* Sudoku.app */ = {isa = PBXFileReference; explicitFileType = wrapper.application; includeInIndex = 0; path = Sudoku.app; sourceTree = BUILT_PRODUCTS_DIR; };
		0ACD5DAC2A79088300F50D25 /* AppDelegate.swift */ = {isa = PBXFileReference; lastKnownFileType = sourcecode.swift; path = AppDelegate.swift; sourceTree = "<group>"; };
		0ACD5DAE2A79088300F50D25 /* SceneDelegate.swift */ = {isa = PBXFileReference; lastKnownFileType = sourcecode.swift; path = SceneDelegate.swift; sourceTree = "<group>"; };
		0ACD5DB02A79088300F50D25 /* GameViewController.swift */ = {isa = PBXFileReference; lastKnownFileType = sourcecode.swift; path = GameViewController.swift; sourceTree = "<group>"; };
		0ACD5DB52A79088300F50D25 /* Assets.xcassets */ = {isa = PBXFileReference; lastKnownFileType = folder.assetcatalog; path = Assets.xcassets; sourceTree = "<group>"; };
		0ACD5DB82A79088300F50D25 /* Base */ = {isa = PBXFileReference; lastKnownFileType = file.storyboard; name = Base; path = Base.lproj/LaunchScreen.storyboard; sourceTree = "<group>"; };
		0ACD5DBA2A79088300F50D25 /* Info.plist */ = {isa = PBXFileReference; lastKnownFileType = text.plist.xml; path = Info.plist; sourceTree = "<group>"; };
		0ACD5DE32A7EC70200F50D25 /* Game.swift */ = {isa = PBXFileReference; lastKnownFileType = sourcecode.swift; path = Game.swift; sourceTree = "<group>"; };
		0ACD5DE62A7EC9E800F50D25 /* SudokuCell.swift */ = {isa = PBXFileReference; lastKnownFileType = sourcecode.swift; path = SudokuCell.swift; sourceTree = "<group>"; };
		0ACD5DE82A7ED26E00F50D25 /* SudokuField.swift */ = {isa = PBXFileReference; lastKnownFileType = sourcecode.swift; path = SudokuField.swift; sourceTree = "<group>"; };
		0ACD5DEA2A7ED2D600F50D25 /* SudokuBlock.swift */ = {isa = PBXFileReference; lastKnownFileType = sourcecode.swift; path = SudokuBlock.swift; sourceTree = "<group>"; };
/* End PBXFileReference section */

/* Begin PBXFrameworksBuildPhase section */
		0ACD5DA62A79088200F50D25 /* Frameworks */ = {
			isa = PBXFrameworksBuildPhase;
			buildActionMask = 2147483647;
			files = (
			);
			runOnlyForDeploymentPostprocessing = 0;
		};
/* End PBXFrameworksBuildPhase section */

/* Begin PBXGroup section */
		0A53F0A22A7EF1F200C54308 /* SupportingFiles */ = {
			isa = PBXGroup;
			children = (
				0ACD5DB52A79088300F50D25 /* Assets.xcassets */,
				0ACD5DB72A79088300F50D25 /* LaunchScreen.storyboard */,
				0ACD5DBA2A79088300F50D25 /* Info.plist */,
			);
			path = SupportingFiles;
			sourceTree = "<group>";
		};
		0A53F0A32A7EF45100C54308 /* Helpers */ = {
			isa = PBXGroup;
			children = (
				0A53F0A42A7EF46500C54308 /* Resources.swift */,
			);
			path = Helpers;
			sourceTree = "<group>";
		};
		0ACD5DA02A79088200F50D25 = {
			isa = PBXGroup;
			children = (
				0ACD5DAB2A79088300F50D25 /* Sudoku */,
				0ACD5DAA2A79088300F50D25 /* Products */,
			);
			sourceTree = "<group>";
		};
		0ACD5DAA2A79088300F50D25 /* Products */ = {
			isa = PBXGroup;
			children = (
				0ACD5DA92A79088300F50D25 /* Sudoku.app */,
			);
			name = Products;
			sourceTree = "<group>";
		};
		0ACD5DAB2A79088300F50D25 /* Sudoku */ = {
			isa = PBXGroup;
			children = (
				0A53F0A32A7EF45100C54308 /* Helpers */,
				0ACD5DE52A7EC9BD00F50D25 /* Views */,
				0ACD5DE22A7EC62A00F50D25 /* Models */,
				0ACD5DE12A7EC5BD00F50D25 /* ViewControllers */,
				0ACD5DE02A7EC56E00F50D25 /* Application */,
				0A53F0A22A7EF1F200C54308 /* SupportingFiles */,
			);
			path = Sudoku;
			sourceTree = "<group>";
		};
		0ACD5DE02A7EC56E00F50D25 /* Application */ = {
			isa = PBXGroup;
			children = (
				0ACD5DAE2A79088300F50D25 /* SceneDelegate.swift */,
				0ACD5DAC2A79088300F50D25 /* AppDelegate.swift */,
			);
			path = Application;
			sourceTree = "<group>";
		};
		0ACD5DE12A7EC5BD00F50D25 /* ViewControllers */ = {
			isa = PBXGroup;
			children = (
				0ACD5DB02A79088300F50D25 /* GameViewController.swift */,
			);
			path = ViewControllers;
			sourceTree = "<group>";
		};
		0ACD5DE22A7EC62A00F50D25 /* Models */ = {
			isa = PBXGroup;
			children = (
				0ACD5DE32A7EC70200F50D25 /* Game.swift */,
			);
			path = Models;
			sourceTree = "<group>";
		};
		0ACD5DE52A7EC9BD00F50D25 /* Views */ = {
			isa = PBXGroup;
			children = (
				0ACD5DE62A7EC9E800F50D25 /* SudokuCell.swift */,
				0ACD5DE82A7ED26E00F50D25 /* SudokuField.swift */,
				0ACD5DEA2A7ED2D600F50D25 /* SudokuBlock.swift */,
				0A53F0A62A7F9AAD00C54308 /* UIGrid.swift */,
				0A53F0A82A80177600C54308 /* UIControl.swift */,
				0A53F0AC2A80191600C54308 /* UIControlButton.swift */,
			);
			path = Views;
			sourceTree = "<group>";
		};
/* End PBXGroup section */

/* Begin PBXNativeTarget section */
		0ACD5DA82A79088200F50D25 /* Sudoku */ = {
			isa = PBXNativeTarget;
			buildConfigurationList = 0ACD5DBD2A79088300F50D25 /* Build configuration list for PBXNativeTarget "Sudoku" */;
			buildPhases = (
				0ACD5DA52A79088200F50D25 /* Sources */,
				0ACD5DA62A79088200F50D25 /* Frameworks */,
				0ACD5DA72A79088200F50D25 /* Resources */,
			);
			buildRules = (
			);
			dependencies = (
			);
			name = Sudoku;
			productName = Sudoku;
			productReference = 0ACD5DA92A79088300F50D25 /* Sudoku.app */;
			productType = "com.apple.product-type.application";
		};
/* End PBXNativeTarget section */

/* Begin PBXProject section */
		0ACD5DA12A79088200F50D25 /* Project object */ = {
			isa = PBXProject;
			attributes = {
				BuildIndependentTargetsInParallel = 1;
				LastSwiftUpdateCheck = 1430;
				LastUpgradeCheck = 1430;
				TargetAttributes = {
					0ACD5DA82A79088200F50D25 = {
						CreatedOnToolsVersion = 14.3.1;
					};
				};
			};
			buildConfigurationList = 0ACD5DA42A79088200F50D25 /* Build configuration list for PBXProject "Sudoku" */;
			compatibilityVersion = "Xcode 14.0";
			developmentRegion = en;
			hasScannedForEncodings = 0;
			knownRegions = (
				en,
				Base,
			);
			mainGroup = 0ACD5DA02A79088200F50D25;
			productRefGroup = 0ACD5DAA2A79088300F50D25 /* Products */;
			projectDirPath = "";
			projectRoot = "";
			targets = (
				0ACD5DA82A79088200F50D25 /* Sudoku */,
			);
		};
/* End PBXProject section */

/* Begin PBXResourcesBuildPhase section */
		0ACD5DA72A79088200F50D25 /* Resources */ = {
			isa = PBXResourcesBuildPhase;
			buildActionMask = 2147483647;
			files = (
				0ACD5DB92A79088300F50D25 /* LaunchScreen.storyboard in Resources */,
				0ACD5DB62A79088300F50D25 /* Assets.xcassets in Resources */,
			);
			runOnlyForDeploymentPostprocessing = 0;
		};
/* End PBXResourcesBuildPhase section */

/* Begin PBXSourcesBuildPhase section */
		0ACD5DA52A79088200F50D25 /* Sources */ = {
			isa = PBXSourcesBuildPhase;
			buildActionMask = 2147483647;
			files = (
				0ACD5DB12A79088300F50D25 /* GameViewController.swift in Sources */,
				0A53F0A92A80177600C54308 /* UIControl.swift in Sources */,
				0A53F0A72A7F9AAD00C54308 /* UIGrid.swift in Sources */,
				0A53F0AD2A80191600C54308 /* UIControlButton.swift in Sources */,
				0ACD5DAD2A79088300F50D25 /* AppDelegate.swift in Sources */,
				0ACD5DAF2A79088300F50D25 /* SceneDelegate.swift in Sources */,
				0ACD5DE92A7ED26E00F50D25 /* SudokuField.swift in Sources */,
				0ACD5DEB2A7ED2D600F50D25 /* SudokuBlock.swift in Sources */,
				0A53F0A52A7EF46500C54308 /* Resources.swift in Sources */,
				0ACD5DE72A7EC9E800F50D25 /* SudokuCell.swift in Sources */,
				0ACD5DE42A7EC70200F50D25 /* Game.swift in Sources */,
			);
			runOnlyForDeploymentPostprocessing = 0;
		};
/* End PBXSourcesBuildPhase section */

/* Begin PBXVariantGroup section */
		0ACD5DB72A79088300F50D25 /* LaunchScreen.storyboard */ = {
			isa = PBXVariantGroup;
			children = (
				0ACD5DB82A79088300F50D25 /* Base */,
			);
			name = LaunchScreen.storyboard;
			sourceTree = "<group>";
		};
/* End PBXVariantGroup section */

/* Begin XCBuildConfiguration section */
		0ACD5DBB2A79088300F50D25 /* Debug */ = {
			isa = XCBuildConfiguration;
			buildSettings = {
				ALWAYS_SEARCH_USER_PATHS = NO;
				CLANG_ANALYZER_NONNULL = YES;
				CLANG_ANALYZER_NUMBER_OBJECT_CONVERSION = YES_AGGRESSIVE;
				CLANG_CXX_LANGUAGE_STANDARD = "gnu++20";
				CLANG_ENABLE_MODULES = YES;
				CLANG_ENABLE_OBJC_ARC = YES;
				CLANG_ENABLE_OBJC_WEAK = YES;
				CLANG_WARN_BLOCK_CAPTURE_AUTORELEASING = YES;
				CLANG_WARN_BOOL_CONVERSION = YES;
				CLANG_WARN_COMMA = YES;
				CLANG_WARN_CONSTANT_CONVERSION = YES;
				CLANG_WARN_DEPRECATED_OBJC_IMPLEMENTATIONS = YES;
				CLANG_WARN_DIRECT_OBJC_ISA_USAGE = YES_ERROR;
				CLANG_WARN_DOCUMENTATION_COMMENTS = YES;
				CLANG_WARN_EMPTY_BODY = YES;
				CLANG_WARN_ENUM_CONVERSION = YES;
				CLANG_WARN_INFINITE_RECURSION = YES;
				CLANG_WARN_INT_CONVERSION = YES;
				CLANG_WARN_NON_LITERAL_NULL_CONVERSION = YES;
				CLANG_WARN_OBJC_IMPLICIT_RETAIN_SELF = YES;
				CLANG_WARN_OBJC_LITERAL_CONVERSION = YES;
				CLANG_WARN_OBJC_ROOT_CLASS = YES_ERROR;
				CLANG_WARN_QUOTED_INCLUDE_IN_FRAMEWORK_HEADER = YES;
				CLANG_WARN_RANGE_LOOP_ANALYSIS = YES;
				CLANG_WARN_STRICT_PROTOTYPES = YES;
				CLANG_WARN_SUSPICIOUS_MOVE = YES;
				CLANG_WARN_UNGUARDED_AVAILABILITY = YES_AGGRESSIVE;
				CLANG_WARN_UNREACHABLE_CODE = YES;
				CLANG_WARN__DUPLICATE_METHOD_MATCH = YES;
				COPY_PHASE_STRIP = NO;
				DEBUG_INFORMATION_FORMAT = dwarf;
				ENABLE_STRICT_OBJC_MSGSEND = YES;
				ENABLE_TESTABILITY = YES;
				GCC_C_LANGUAGE_STANDARD = gnu11;
				GCC_DYNAMIC_NO_PIC = NO;
				GCC_NO_COMMON_BLOCKS = YES;
				GCC_OPTIMIZATION_LEVEL = 0;
				GCC_PREPROCESSOR_DEFINITIONS = (
					"DEBUG=1",
					"$(inherited)",
				);
				GCC_WARN_64_TO_32_BIT_CONVERSION = YES;
				GCC_WARN_ABOUT_RETURN_TYPE = YES_ERROR;
				GCC_WARN_UNDECLARED_SELECTOR = YES;
				GCC_WARN_UNINITIALIZED_AUTOS = YES_AGGRESSIVE;
				GCC_WARN_UNUSED_FUNCTION = YES;
				GCC_WARN_UNUSED_VARIABLE = YES;
				IPHONEOS_DEPLOYMENT_TARGET = 16.4;
				MTL_ENABLE_DEBUG_INFO = INCLUDE_SOURCE;
				MTL_FAST_MATH = YES;
				ONLY_ACTIVE_ARCH = YES;
				SDKROOT = iphoneos;
				SWIFT_ACTIVE_COMPILATION_CONDITIONS = DEBUG;
				SWIFT_OPTIMIZATION_LEVEL = "-Onone";
			};
			name = Debug;
		};
		0ACD5DBC2A79088300F50D25 /* Release */ = {
			isa = XCBuildConfiguration;
			buildSettings = {
				ALWAYS_SEARCH_USER_PATHS = NO;
				CLANG_ANALYZER_NONNULL = YES;
				CLANG_ANALYZER_NUMBER_OBJECT_CONVERSION = YES_AGGRESSIVE;
				CLANG_CXX_LANGUAGE_STANDARD = "gnu++20";
				CLANG_ENABLE_MODULES = YES;
				CLANG_ENABLE_OBJC_ARC = YES;
				CLANG_ENABLE_OBJC_WEAK = YES;
				CLANG_WARN_BLOCK_CAPTURE_AUTORELEASING = YES;
				CLANG_WARN_BOOL_CONVERSION = YES;
				CLANG_WARN_COMMA = YES;
				CLANG_WARN_CONSTANT_CONVERSION = YES;
				CLANG_WARN_DEPRECATED_OBJC_IMPLEMENTATIONS = YES;
				CLANG_WARN_DIRECT_OBJC_ISA_USAGE = YES_ERROR;
				CLANG_WARN_DOCUMENTATION_COMMENTS = YES;
				CLANG_WARN_EMPTY_BODY = YES;
				CLANG_WARN_ENUM_CONVERSION = YES;
				CLANG_WARN_INFINITE_RECURSION = YES;
				CLANG_WARN_INT_CONVERSION = YES;
				CLANG_WARN_NON_LITERAL_NULL_CONVERSION = YES;
				CLANG_WARN_OBJC_IMPLICIT_RETAIN_SELF = YES;
				CLANG_WARN_OBJC_LITERAL_CONVERSION = YES;
				CLANG_WARN_OBJC_ROOT_CLASS = YES_ERROR;
				CLANG_WARN_QUOTED_INCLUDE_IN_FRAMEWORK_HEADER = YES;
				CLANG_WARN_RANGE_LOOP_ANALYSIS = YES;
				CLANG_WARN_STRICT_PROTOTYPES = YES;
				CLANG_WARN_SUSPICIOUS_MOVE = YES;
				CLANG_WARN_UNGUARDED_AVAILABILITY = YES_AGGRESSIVE;
				CLANG_WARN_UNREACHABLE_CODE = YES;
				CLANG_WARN__DUPLICATE_METHOD_MATCH = YES;
				COPY_PHASE_STRIP = NO;
				DEBUG_INFORMATION_FORMAT = "dwarf-with-dsym";
				ENABLE_NS_ASSERTIONS = NO;
				ENABLE_STRICT_OBJC_MSGSEND = YES;
				GCC_C_LANGUAGE_STANDARD = gnu11;
				GCC_NO_COMMON_BLOCKS = YES;
				GCC_WARN_64_TO_32_BIT_CONVERSION = YES;
				GCC_WARN_ABOUT_RETURN_TYPE = YES_ERROR;
				GCC_WARN_UNDECLARED_SELECTOR = YES;
				GCC_WARN_UNINITIALIZED_AUTOS = YES_AGGRESSIVE;
				GCC_WARN_UNUSED_FUNCTION = YES;
				GCC_WARN_UNUSED_VARIABLE = YES;
				IPHONEOS_DEPLOYMENT_TARGET = 16.4;
				MTL_ENABLE_DEBUG_INFO = NO;
				MTL_FAST_MATH = YES;
				SDKROOT = iphoneos;
				SWIFT_COMPILATION_MODE = wholemodule;
				SWIFT_OPTIMIZATION_LEVEL = "-O";
				VALIDATE_PRODUCT = YES;
			};
			name = Release;
		};
		0ACD5DBE2A79088300F50D25 /* Debug */ = {
			isa = XCBuildConfiguration;
			buildSettings = {
				ASSETCATALOG_COMPILER_APPICON_NAME = AppIcon;
				ASSETCATALOG_COMPILER_GLOBAL_ACCENT_COLOR_NAME = AccentColor;
				CODE_SIGN_STYLE = Automatic;
				CURRENT_PROJECT_VERSION = 1;
				DEVELOPMENT_TEAM = 6LV5QRCJ9L;
				GENERATE_INFOPLIST_FILE = YES;
				INFOPLIST_FILE = Sudoku/SupportingFIles/Info.plist;
				INFOPLIST_KEY_UIApplicationSupportsIndirectInputEvents = YES;
				INFOPLIST_KEY_UILaunchStoryboardName = LaunchScreen;
				INFOPLIST_KEY_UIMainStoryboardFile = "";
				INFOPLIST_KEY_UISupportedInterfaceOrientations_iPad = "UIInterfaceOrientationPortrait UIInterfaceOrientationPortraitUpsideDown UIInterfaceOrientationLandscapeLeft UIInterfaceOrientationLandscapeRight";
				INFOPLIST_KEY_UISupportedInterfaceOrientations_iPhone = "UIInterfaceOrientationPortrait UIInterfaceOrientationLandscapeLeft UIInterfaceOrientationLandscapeRight";
				LD_RUNPATH_SEARCH_PATHS = (
					"$(inherited)",
					"@executable_path/Frameworks",
				);
				MARKETING_VERSION = 1.0;
				PRODUCT_BUNDLE_IDENTIFIER = MyCompany.Sudoku;
				PRODUCT_NAME = "$(TARGET_NAME)";
				SWIFT_EMIT_LOC_STRINGS = YES;
				SWIFT_VERSION = 5.0;
				TARGETED_DEVICE_FAMILY = "1,2";
			};
			name = Debug;
		};
		0ACD5DBF2A79088300F50D25 /* Release */ = {
			isa = XCBuildConfiguration;
			buildSettings = {
				ASSETCATALOG_COMPILER_APPICON_NAME = AppIcon;
				ASSETCATALOG_COMPILER_GLOBAL_ACCENT_COLOR_NAME = AccentColor;
				CODE_SIGN_STYLE = Automatic;
				CURRENT_PROJECT_VERSION = 1;
				DEVELOPMENT_TEAM = 6LV5QRCJ9L;
				GENERATE_INFOPLIST_FILE = YES;
				INFOPLIST_FILE = Sudoku/SupportingFIles/Info.plist;
				INFOPLIST_KEY_UIApplicationSupportsIndirectInputEvents = YES;
				INFOPLIST_KEY_UILaunchStoryboardName = LaunchScreen;
				INFOPLIST_KEY_UIMainStoryboardFile = "";
				INFOPLIST_KEY_UISupportedInterfaceOrientations_iPad = "UIInterfaceOrientationPortrait UIInterfaceOrientationPortraitUpsideDown UIInterfaceOrientationLandscapeLeft UIInterfaceOrientationLandscapeRight";
				INFOPLIST_KEY_UISupportedInterfaceOrientations_iPhone = "UIInterfaceOrientationPortrait UIInterfaceOrientationLandscapeLeft UIInterfaceOrientationLandscapeRight";
				LD_RUNPATH_SEARCH_PATHS = (
					"$(inherited)",
					"@executable_path/Frameworks",
				);
				MARKETING_VERSION = 1.0;
				PRODUCT_BUNDLE_IDENTIFIER = MyCompany.Sudoku;
				PRODUCT_NAME = "$(TARGET_NAME)";
				SWIFT_EMIT_LOC_STRINGS = YES;
				SWIFT_VERSION = 5.0;
				TARGETED_DEVICE_FAMILY = "1,2";
			};
			name = Release;
		};
/* End XCBuildConfiguration section */

/* Begin XCConfigurationList section */
		0ACD5DA42A79088200F50D25 /* Build configuration list for PBXProject "Sudoku" */ = {
			isa = XCConfigurationList;
			buildConfigurations = (
				0ACD5DBB2A79088300F50D25 /* Debug */,
				0ACD5DBC2A79088300F50D25 /* Release */,
			);
			defaultConfigurationIsVisible = 0;
			defaultConfigurationName = Release;
		};
		0ACD5DBD2A79088300F50D25 /* Build configuration list for PBXNativeTarget "Sudoku" */ = {
			isa = XCConfigurationList;
			buildConfigurations = (
				0ACD5DBE2A79088300F50D25 /* Debug */,
				0ACD5DBF2A79088300F50D25 /* Release */,
			);
			defaultConfigurationIsVisible = 0;
			defaultConfigurationName = Release;
		};
/* End XCConfigurationList section */
	};
	rootObject = 0ACD5DA12A79088200F50D25 /* Project object */;
}
